version: 1.0
shards:
  CrystalIrc:
    github: Meoowww/CrystalIrc
    commit: 30a8fa2b15ef9fc48ff781598a6081492204ab5c

  discordcr:
    github: meew0/discordcr
    version: 0.3.0

  dotenv:
    github: gdotdesign/cr-dotenv
    version: 0.1.0

  duktape:
    github: jessedoyle/duktape.cr
    version: 0.11.0

  hq:
    github: maiha/hq.cr
    version: 0.2.1

  myhtml:
    github: kostya/myhtml
    version: 0.12

  try:
    github: maiha/try.cr
    version: 0.2.0

